
Microsoft Visual Studio Solution File, Format Version 12.00
# Visual Studio Version 16
VisualStudioVersion = 16.0.30517.126
MinimumVisualStudioVersion = 10.0.40219.1
Project("{FAE04EC0-301F-11D3-BF4B-00C04F79EFBC}") = "8_CuadrosTexto.exe", "8_CuadrosTexto.exe\8_CuadrosTexto.exe.csproj", "{5DEF0B6E-DF69-4159-AAD0-74B83D55A1A1}"
EndProject
Global
	GlobalSection(SolutionConfigurationPlatforms) = preSolution
		Debug|Any CPU = Debug|Any CPU
		Release|Any CPU = Release|Any CPU
	EndGlobalSection
	GlobalSection(ProjectConfigurationPlatforms) = postSolution
		{5DEF0B6E-DF69-4159-AAD0-74B83D55A1A1}.Debug|Any CPU.ActiveCfg = Debug|Any CPU
		{5DEF0B6E-DF69-4159-AAD0-74B83D55A1A1}.Debug|Any CPU.Build.0 = Debug|Any CPU
		{5DEF0B6E-DF69-4159-AAD0-74B83D55A1A1}.Release|Any CPU.ActiveCfg = Release|Any CPU
		{5DEF0B6E-DF69-4159-AAD0-74B83D55A1A1}.Release|Any CPU.Build.0 = Release|Any CPU
	EndGlobalSection
	GlobalSection(SolutionProperties) = preSolution
		HideSolutionNode = FALSE
	EndGlobalSection
	GlobalSection(ExtensibilityGlobals) = postSolution
		SolutionGuid = {30DD888A-14C7-43C8-9A63-3EB00D3671F6}
	EndGlobalSection
EndGlobal
